
Microsoft Visual Studio Solution File, Format Version 12.00
# Visual Studio Version 17
VisualStudioVersion = 17.0.31912.275
MinimumVisualStudioVersion = 10.0.40219.1
Project("{9A19103F-16F7-4668-BE54-9A1E7A4F7556}") = "PlatformService", "PlatformService.csproj", "{F2971DBB-D4D7-4406-98B7-5FE41B82C176}"
EndProject
Global
	GlobalSection(SolutionConfigurationPlatforms) = preSolution
		Debug|Any CPU = Debug|Any CPU
		Release|Any CPU = Release|Any CPU
	EndGlobalSection
	GlobalSection(ProjectConfigurationPlatforms) = postSolution
		{F2971DBB-D4D7-4406-98B7-5FE41B82C176}.Debug|Any CPU.ActiveCfg = Debug|Any CPU
		{F2971DBB-D4D7-4406-98B7-5FE41B82C176}.Debug|Any CPU.Build.0 = Debug|Any CPU
		{F2971DBB-D4D7-4406-98B7-5FE41B82C176}.Release|Any CPU.ActiveCfg = Release|Any CPU
		{F2971DBB-D4D7-4406-98B7-5FE41B82C176}.Release|Any CPU.Build.0 = Release|Any CPU
	EndGlobalSection
	GlobalSection(SolutionProperties) = preSolution
		HideSolutionNode = FALSE
	EndGlobalSection
	GlobalSection(ExtensibilityGlobals) = postSolution
		SolutionGuid = {5534CEAD-5A2C-451F-8496-92274CD4538D}
	EndGlobalSection
EndGlobal
